{
  "version": 4,
  "terraform_version": "1.0.10",
  "serial": 3,
  "lineage": "47088dca-c385-8920-e787-6db8d94e023e",
  "outputs": {},
  "resources": [
    {
      "mode": "managed",
      "type": "azurerm_resource_group",
      "name": "rg",
      "provider": "provider[\"registry.terraform.io/hashicorp/azurerm\"]",
      "instances": [
        {
          "schema_version": 0,
          "attributes": {
            "id": "/subscriptions/fef828c6-c822-4caa-9d36-f96d20f00a27/resourceGroups/like-and-subscribe",
            "location": "eastus",
            "name": "like-and-subscribe",
            "tags": {
              "environment": "dev",
              "owner": "Foo Bar",
              "source": "Terraform"
            },
            "timeouts": null
          },
          "sensitive_attributes": [],
          "private": "eyJlMmJmYjczMC1lY2FhLTExZTYtOGY4OC0zNDM2M2JjN2M0YzAiOnsiY3JlYXRlIjo1NDAwMDAwMDAwMDAwLCJkZWxldGUiOjU0MDAwMDAwMDAwMDAsInJlYWQiOjMwMDAwMDAwMDAwMCwidXBkYXRlIjo1NDAwMDAwMDAwMDAwfX0="
        }
      ]
    }
  ]
}
